
Microsoft Visual Studio Solution File, Format Version 12.00
# Visual Studio Version 17
VisualStudioVersion = 17.3.32825.248
MinimumVisualStudioVersion = 10.0.40219.1
Project("{FAE04EC0-301F-11D3-BF4B-00C04F79EFBC}") = "2023_day_01", "2023_day_01\2023_day_01.csproj", "{2146679C-C52F-4E40-9128-BA4EA5215E3A}"
EndProject
Global
	GlobalSection(SolutionConfigurationPlatforms) = preSolution
		Debug|Any CPU = Debug|Any CPU
		Release|Any CPU = Release|Any CPU
	EndGlobalSection
	GlobalSection(ProjectConfigurationPlatforms) = postSolution
		{2146679C-C52F-4E40-9128-BA4EA5215E3A}.Debug|Any CPU.ActiveCfg = Debug|Any CPU
		{2146679C-C52F-4E40-9128-BA4EA5215E3A}.Debug|Any CPU.Build.0 = Debug|Any CPU
		{2146679C-C52F-4E40-9128-BA4EA5215E3A}.Release|Any CPU.ActiveCfg = Release|Any CPU
		{2146679C-C52F-4E40-9128-BA4EA5215E3A}.Release|Any CPU.Build.0 = Release|Any CPU
	EndGlobalSection
	GlobalSection(SolutionProperties) = preSolution
		HideSolutionNode = FALSE
	EndGlobalSection
	GlobalSection(ExtensibilityGlobals) = postSolution
		SolutionGuid = {BC7F445A-AB29-4113-822F-17C64F2F747B}
	EndGlobalSection
EndGlobal
