
Microsoft Visual Studio Solution File, Format Version 12.00
# Visual Studio Version 17
VisualStudioVersion = 17.3.32825.248
MinimumVisualStudioVersion = 10.0.40219.1
Project("{FAE04EC0-301F-11D3-BF4B-00C04F79EFBC}") = "2023_day_14", "2023_day_14\2023_day_14.csproj", "{46437840-1259-41A8-AB05-4FB255311532}"
EndProject
Global
	GlobalSection(SolutionConfigurationPlatforms) = preSolution
		Debug|Any CPU = Debug|Any CPU
		Release|Any CPU = Release|Any CPU
	EndGlobalSection
	GlobalSection(ProjectConfigurationPlatforms) = postSolution
		{46437840-1259-41A8-AB05-4FB255311532}.Debug|Any CPU.ActiveCfg = Debug|Any CPU
		{46437840-1259-41A8-AB05-4FB255311532}.Debug|Any CPU.Build.0 = Debug|Any CPU
		{46437840-1259-41A8-AB05-4FB255311532}.Release|Any CPU.ActiveCfg = Release|Any CPU
		{46437840-1259-41A8-AB05-4FB255311532}.Release|Any CPU.Build.0 = Release|Any CPU
	EndGlobalSection
	GlobalSection(SolutionProperties) = preSolution
		HideSolutionNode = FALSE
	EndGlobalSection
	GlobalSection(ExtensibilityGlobals) = postSolution
		SolutionGuid = {EAE3D164-6A50-4503-827A-65AA5BCCC995}
	EndGlobalSection
EndGlobal
